
Microsoft Visual Studio Solution File, Format Version 12.00
# Visual Studio Version 16
VisualStudioVersion = 16.0.30804.86
MinimumVisualStudioVersion = 10.0.40219.1
Project("{9A19103F-16F7-4668-BE54-9A1E7A4F7556}") = "Zack.OpenCVSharp.Ext", "Zack.OpenCVSharp.Ext\Zack.OpenCVSharp.Ext.csproj", "{6EB98AEC-4592-47EE-A76C-7317B5940FE3}"
EndProject
Project("{9A19103F-16F7-4668-BE54-9A1E7A4F7556}") = "Demos", "Demos\Demos.csproj", "{497C04BB-62F8-422B-8B05-F382EE71C704}"
EndProject
Project("{FAE04EC0-301F-11D3-BF4B-00C04F79EFBC}") = "GreenScreenRemovalDemo", "GreenScreenRemovalDemo\GreenScreenRemovalDemo.csproj", "{B6CF3EB1-57E5-401A-98ED-346FBC8E90BE}"
EndProject
Global
	GlobalSection(SolutionConfigurationPlatforms) = preSolution
		Debug|Any CPU = Debug|Any CPU
		Release|Any CPU = Release|Any CPU
	EndGlobalSection
	GlobalSection(ProjectConfigurationPlatforms) = postSolution
		{6EB98AEC-4592-47EE-A76C-7317B5940FE3}.Debug|Any CPU.ActiveCfg = Debug|Any CPU
		{6EB98AEC-4592-47EE-A76C-7317B5940FE3}.Debug|Any CPU.Build.0 = Debug|Any CPU
		{6EB98AEC-4592-47EE-A76C-7317B5940FE3}.Release|Any CPU.ActiveCfg = Release|Any CPU
		{6EB98AEC-4592-47EE-A76C-7317B5940FE3}.Release|Any CPU.Build.0 = Release|Any CPU
		{497C04BB-62F8-422B-8B05-F382EE71C704}.Debug|Any CPU.ActiveCfg = Debug|Any CPU
		{497C04BB-62F8-422B-8B05-F382EE71C704}.Debug|Any CPU.Build.0 = Debug|Any CPU
		{497C04BB-62F8-422B-8B05-F382EE71C704}.Release|Any CPU.ActiveCfg = Release|Any CPU
		{497C04BB-62F8-422B-8B05-F382EE71C704}.Release|Any CPU.Build.0 = Release|Any CPU
		{B6CF3EB1-57E5-401A-98ED-346FBC8E90BE}.Debug|Any CPU.ActiveCfg = Debug|Any CPU
		{B6CF3EB1-57E5-401A-98ED-346FBC8E90BE}.Debug|Any CPU.Build.0 = Debug|Any CPU
		{B6CF3EB1-57E5-401A-98ED-346FBC8E90BE}.Release|Any CPU.ActiveCfg = Release|Any CPU
		{B6CF3EB1-57E5-401A-98ED-346FBC8E90BE}.Release|Any CPU.Build.0 = Release|Any CPU
	EndGlobalSection
	GlobalSection(SolutionProperties) = preSolution
		HideSolutionNode = FALSE
	EndGlobalSection
	GlobalSection(ExtensibilityGlobals) = postSolution
		SolutionGuid = {BC88D077-5EDF-4680-BAD9-17A9F3F6F573}
	EndGlobalSection
EndGlobal
